
Microsoft Visual Studio Solution File, Format Version 12.00
# Visual Studio Version 17
VisualStudioVersion = 17.12.35521.163
MinimumVisualStudioVersion = 10.0.40219.1
Project("{FAE04EC0-301F-11D3-BF4B-00C04F79EFBC}") = "Simulator", "Simulator\Simulator.csproj", "{B6CB650F-24AB-416E-B76D-1CF599A48683}"
EndProject
Project("{FAE04EC0-301F-11D3-BF4B-00C04F79EFBC}") = "Runner", "Runner\Runner.csproj", "{C6F50CA7-58C6-453C-9ECB-277FF14EB99F}"
EndProject
Project("{FAE04EC0-301F-11D3-BF4B-00C04F79EFBC}") = "TestSimulator", "TestSimulator\TestSimulator.csproj", "{63E7E28A-0339-4167-B172-FDDF8FC939F2}"
EndProject
Project("{FAE04EC0-301F-11D3-BF4B-00C04F79EFBC}") = "SimConsole", "SimConsole\SimConsole.csproj", "{6226FEA6-70E3-4970-B09F-9B3823647287}"
EndProject
Global
	GlobalSection(SolutionConfigurationPlatforms) = preSolution
		Debug|Any CPU = Debug|Any CPU
		Release|Any CPU = Release|Any CPU
	EndGlobalSection
	GlobalSection(ProjectConfigurationPlatforms) = postSolution
		{B6CB650F-24AB-416E-B76D-1CF599A48683}.Debug|Any CPU.ActiveCfg = Debug|Any CPU
		{B6CB650F-24AB-416E-B76D-1CF599A48683}.Debug|Any CPU.Build.0 = Debug|Any CPU
		{B6CB650F-24AB-416E-B76D-1CF599A48683}.Release|Any CPU.ActiveCfg = Release|Any CPU
		{B6CB650F-24AB-416E-B76D-1CF599A48683}.Release|Any CPU.Build.0 = Release|Any CPU
		{C6F50CA7-58C6-453C-9ECB-277FF14EB99F}.Debug|Any CPU.ActiveCfg = Debug|Any CPU
		{C6F50CA7-58C6-453C-9ECB-277FF14EB99F}.Debug|Any CPU.Build.0 = Debug|Any CPU
		{C6F50CA7-58C6-453C-9ECB-277FF14EB99F}.Release|Any CPU.ActiveCfg = Release|Any CPU
		{C6F50CA7-58C6-453C-9ECB-277FF14EB99F}.Release|Any CPU.Build.0 = Release|Any CPU
		{63E7E28A-0339-4167-B172-FDDF8FC939F2}.Debug|Any CPU.ActiveCfg = Debug|Any CPU
		{63E7E28A-0339-4167-B172-FDDF8FC939F2}.Debug|Any CPU.Build.0 = Debug|Any CPU
		{63E7E28A-0339-4167-B172-FDDF8FC939F2}.Release|Any CPU.ActiveCfg = Release|Any CPU
		{63E7E28A-0339-4167-B172-FDDF8FC939F2}.Release|Any CPU.Build.0 = Release|Any CPU
		{6226FEA6-70E3-4970-B09F-9B3823647287}.Debug|Any CPU.ActiveCfg = Debug|Any CPU
		{6226FEA6-70E3-4970-B09F-9B3823647287}.Debug|Any CPU.Build.0 = Debug|Any CPU
		{6226FEA6-70E3-4970-B09F-9B3823647287}.Release|Any CPU.ActiveCfg = Release|Any CPU
		{6226FEA6-70E3-4970-B09F-9B3823647287}.Release|Any CPU.Build.0 = Release|Any CPU
	EndGlobalSection
	GlobalSection(SolutionProperties) = preSolution
		HideSolutionNode = FALSE
	EndGlobalSection
EndGlobal
